
Microsoft Visual Studio Solution File, Format Version 12.00
# Visual Studio Version 17
VisualStudioVersion = 17.13.35931.197
MinimumVisualStudioVersion = 10.0.40219.1
Project("{FAE04EC0-301F-11D3-BF4B-00C04F79EFBC}") = "DairyManagementSystem", "DairyManagementSystem.csproj", "{C7B14DB1-0A57-FCCB-683B-DF31BB63897C}"
EndProject
Project("{FAE04EC0-301F-11D3-BF4B-00C04F79EFBC}") = "DairyManagementSystem.Tests", "DairyManagementSystem.Tests\DairyManagementSystem.Tests.csproj", "{788AA2EE-07B1-4A45-A82D-9859C85B8C3B}"
EndProject
Global
	GlobalSection(SolutionConfigurationPlatforms) = preSolution
		Debug|Any CPU = Debug|Any CPU
		Debug|x64 = Debug|x64
		Debug|x86 = Debug|x86
		Release|Any CPU = Release|Any CPU
		Release|x64 = Release|x64
		Release|x86 = Release|x86
	EndGlobalSection
	GlobalSection(ProjectConfigurationPlatforms) = postSolution
		{C7B14DB1-0A57-FCCB-683B-DF31BB63897C}.Debug|Any CPU.ActiveCfg = Debug|Any CPU
		{C7B14DB1-0A57-FCCB-683B-DF31BB63897C}.Debug|Any CPU.Build.0 = Debug|Any CPU
		{C7B14DB1-0A57-FCCB-683B-DF31BB63897C}.Debug|x64.ActiveCfg = Debug|Any CPU
		{C7B14DB1-0A57-FCCB-683B-DF31BB63897C}.Debug|x64.Build.0 = Debug|Any CPU
		{C7B14DB1-0A57-FCCB-683B-DF31BB63897C}.Debug|x86.ActiveCfg = Debug|Any CPU
		{C7B14DB1-0A57-FCCB-683B-DF31BB63897C}.Debug|x86.Build.0 = Debug|Any CPU
		{C7B14DB1-0A57-FCCB-683B-DF31BB63897C}.Release|Any CPU.ActiveCfg = Release|Any CPU
		{C7B14DB1-0A57-FCCB-683B-DF31BB63897C}.Release|Any CPU.Build.0 = Release|Any CPU
		{C7B14DB1-0A57-FCCB-683B-DF31BB63897C}.Release|x64.ActiveCfg = Release|Any CPU
		{C7B14DB1-0A57-FCCB-683B-DF31BB63897C}.Release|x64.Build.0 = Release|Any CPU
		{C7B14DB1-0A57-FCCB-683B-DF31BB63897C}.Release|x86.ActiveCfg = Release|Any CPU
		{C7B14DB1-0A57-FCCB-683B-DF31BB63897C}.Release|x86.Build.0 = Release|Any CPU
		{788AA2EE-07B1-4A45-A82D-9859C85B8C3B}.Debug|Any CPU.ActiveCfg = Debug|Any CPU
		{788AA2EE-07B1-4A45-A82D-9859C85B8C3B}.Debug|Any CPU.Build.0 = Debug|Any CPU
		{788AA2EE-07B1-4A45-A82D-9859C85B8C3B}.Debug|x64.ActiveCfg = Debug|Any CPU
		{788AA2EE-07B1-4A45-A82D-9859C85B8C3B}.Debug|x64.Build.0 = Debug|Any CPU
		{788AA2EE-07B1-4A45-A82D-9859C85B8C3B}.Debug|x86.ActiveCfg = Debug|Any CPU
		{788AA2EE-07B1-4A45-A82D-9859C85B8C3B}.Debug|x86.Build.0 = Debug|Any CPU
		{788AA2EE-07B1-4A45-A82D-9859C85B8C3B}.Release|Any CPU.ActiveCfg = Release|Any CPU
		{788AA2EE-07B1-4A45-A82D-9859C85B8C3B}.Release|Any CPU.Build.0 = Release|Any CPU
		{788AA2EE-07B1-4A45-A82D-9859C85B8C3B}.Release|x64.ActiveCfg = Release|Any CPU
		{788AA2EE-07B1-4A45-A82D-9859C85B8C3B}.Release|x64.Build.0 = Release|Any CPU
		{788AA2EE-07B1-4A45-A82D-9859C85B8C3B}.Release|x86.ActiveCfg = Release|Any CPU
		{788AA2EE-07B1-4A45-A82D-9859C85B8C3B}.Release|x86.Build.0 = Release|Any CPU
	EndGlobalSection
	GlobalSection(SolutionProperties) = preSolution
		HideSolutionNode = FALSE
	EndGlobalSection
	GlobalSection(ExtensibilityGlobals) = postSolution
		SolutionGuid = {AB5A5F72-E273-4E5D-A631-2616BBC21387}
	EndGlobalSection
EndGlobal
